
Microsoft Visual Studio Solution File, Format Version 12.00
# Visual Studio Version 17
VisualStudioVersion = 17.1.32328.378
MinimumVisualStudioVersion = 10.0.40219.1
Project("{9A19103F-16F7-4668-BE54-9A1E7A4F7556}") = "womanAPI", "womanAPI.csproj", "{045E151F-3B18-4DA0-B0F4-B5639FFFB819}"
EndProject
Global
	GlobalSection(SolutionConfigurationPlatforms) = preSolution
		Debug|Any CPU = Debug|Any CPU
		Release|Any CPU = Release|Any CPU
	EndGlobalSection
	GlobalSection(ProjectConfigurationPlatforms) = postSolution
		{045E151F-3B18-4DA0-B0F4-B5639FFFB819}.Debug|Any CPU.ActiveCfg = Debug|Any CPU
		{045E151F-3B18-4DA0-B0F4-B5639FFFB819}.Debug|Any CPU.Build.0 = Debug|Any CPU
		{045E151F-3B18-4DA0-B0F4-B5639FFFB819}.Release|Any CPU.ActiveCfg = Release|Any CPU
		{045E151F-3B18-4DA0-B0F4-B5639FFFB819}.Release|Any CPU.Build.0 = Release|Any CPU
	EndGlobalSection
	GlobalSection(SolutionProperties) = preSolution
		HideSolutionNode = FALSE
	EndGlobalSection
	GlobalSection(ExtensibilityGlobals) = postSolution
		SolutionGuid = {22944FF0-19FF-4972-BCC5-BF8B3DC22206}
	EndGlobalSection
EndGlobal
